// !$*UTF8*$!
{
	archiveVersion = 1;
	classes = {
	};
	objectVersion = 46;
	objects = {

/* Begin PBXBuildFile section */
		63EE3F7319E5F95D0095026D /* main.m in Sources */ = {isa = PBXBuildFile; fileRef = 63EE3F7219E5F95D0095026D /* main.m */; };
		63EE3F7619E5F95D0095026D /* AppDelegate.m in Sources */ = {isa = PBXBuildFile; fileRef = 63EE3F7519E5F95D0095026D /* AppDelegate.m */; };
		63EE3F7919E5F95D0095026D /* ViewController.m in Sources */ = {isa = PBXBuildFile; fileRef = 63EE3F7819E5F95D0095026D /* ViewController.m */; };
		63EE3F7C19E5F95D0095026D /* Main.storyboard in Resources */ = {isa = PBXBuildFile; fileRef = 63EE3F7A19E5F95D0095026D /* Main.storyboard */; };
		63EE3F7E19E5F95D0095026D /* Images.xcassets in Resources */ = {isa = PBXBuildFile; fileRef = 63EE3F7D19E5F95D0095026D /* Images.xcassets */; };
		63EE3F8119E5F95D0095026D /* LaunchScreen.xib in Resources */ = {isa = PBXBuildFile; fileRef = 63EE3F7F19E5F95D0095026D /* LaunchScreen.xib */; };
		63EE3F8D19E5F95E0095026D /* Mayo_ipadTests.m in Sources */ = {isa = PBXBuildFile; fileRef = 63EE3F8C19E5F95E0095026D /* Mayo_ipadTests.m */; };
		63EE3F9719E601D30095026D /* mayo-clinic-logo.png in Resources */ = {isa = PBXBuildFile; fileRef = 63EE3F9619E601D30095026D /* mayo-clinic-logo.png */; };
		63EE3F9A19E605820095026D /* ViewController2.m in Sources */ = {isa = PBXBuildFile; fileRef = 63EE3F9919E605820095026D /* ViewController2.m */; };
		63EE3F9C19E701D50095026D /* AssetsLibrary.framework in Frameworks */ = {isa = PBXBuildFile; fileRef = 63EE3F9B19E701D50095026D /* AssetsLibrary.framework */; };
		63EE3FA119E708CB0095026D /* ImageIO.framework in Frameworks */ = {isa = PBXBuildFile; fileRef = 63EE3FA019E708CB0095026D /* ImageIO.framework */; };
		63EE3FA419E70C460095026D /* CustomPhotoAlbum.m in Sources */ = {isa = PBXBuildFile; fileRef = 63EE3FA319E70C460095026D /* CustomPhotoAlbum.m */; };
/* End PBXBuildFile section */

/* Begin PBXContainerItemProxy section */
		63EE3F8719E5F95E0095026D /* PBXContainerItemProxy */ = {
			isa = PBXContainerItemProxy;
			containerPortal = 63EE3F6519E5F95D0095026D /* Project object */;
			proxyType = 1;
			remoteGlobalIDString = 63EE3F6C19E5F95D0095026D;
			remoteInfo = "Mayo-ipad";
		};
/* End PBXContainerItemProxy section */

/* Begin PBXFileReference section */
		63EE3F6D19E5F95D0095026D /* Mayo-ipad.app */ = {isa = PBXFileReference; explicitFileType = wrapper.application; includeInIndex = 0; path = "Mayo-ipad.app"; sourceTree = BUILT_PRODUCTS_DIR; };
		63EE3F7119E5F95D0095026D /* Info.plist */ = {isa = PBXFileReference; lastKnownFileType = text.plist.xml; path = Info.plist; sourceTree = "<group>"; };
		63EE3F7219E5F95D0095026D /* main.m */ = {isa = PBXFileReference; lastKnownFileType = sourcecode.c.objc; path = main.m; sourceTree = "<group>"; };
		63EE3F7419E5F95D0095026D /* AppDelegate.h */ = {isa = PBXFileReference; lastKnownFileType = sourcecode.c.h; path = AppDelegate.h; sourceTree = "<group>"; };
		63EE3F7519E5F95D0095026D /* AppDelegate.m */ = {isa = PBXFileReference; lastKnownFileType = sourcecode.c.objc; path = AppDelegate.m; sourceTree = "<group>"; };
		63EE3F7719E5F95D0095026D /* ViewController.h */ = {isa = PBXFileReference; lastKnownFileType = sourcecode.c.h; path = ViewController.h; sourceTree = "<group>"; };
		63EE3F7819E5F95D0095026D /* ViewController.m */ = {isa = PBXFileReference; lastKnownFileType = sourcecode.c.objc; path = ViewController.m; sourceTree = "<group>"; };
		63EE3F7B19E5F95D0095026D /* Base */ = {isa = PBXFileReference; lastKnownFileType = file.storyboard; name = Base; path = Base.lproj/Main.storyboard; sourceTree = "<group>"; };
		63EE3F7D19E5F95D0095026D /* Images.xcassets */ = {isa = PBXFileReference; lastKnownFileType = folder.assetcatalog; path = Images.xcassets; sourceTree = "<group>"; };
		63EE3F8019E5F95D0095026D /* Base */ = {isa = PBXFileReference; lastKnownFileType = file.xib; name = Base; path = Base.lproj/LaunchScreen.xib; sourceTree = "<group>"; };
		63EE3F8619E5F95E0095026D /* Mayo-ipadTests.xctest */ = {isa = PBXFileReference; explicitFileType = wrapper.cfbundle; includeInIndex = 0; path = "Mayo-ipadTests.xctest"; sourceTree = BUILT_PRODUCTS_DIR; };
		63EE3F8B19E5F95E0095026D /* Info.plist */ = {isa = PBXFileReference; lastKnownFileType = text.plist.xml; path = Info.plist; sourceTree = "<group>"; };
		63EE3F8C19E5F95E0095026D /* Mayo_ipadTests.m */ = {isa = PBXFileReference; lastKnownFileType = sourcecode.c.objc; path = Mayo_ipadTests.m; sourceTree = "<group>"; };
		63EE3F9619E601D30095026D /* mayo-clinic-logo.png */ = {isa = PBXFileReference; lastKnownFileType = image.png; name = "mayo-clinic-logo.png"; path = "../../../../../Downloads/mayo-clinic-logo.png"; sourceTree = "<group>"; };
		63EE3F9819E605820095026D /* ViewController2.h */ = {isa = PBXFileReference; fileEncoding = 4; lastKnownFileType = sourcecode.c.h; path = ViewController2.h; sourceTree = "<group>"; };
		63EE3F9919E605820095026D /* ViewController2.m */ = {isa = PBXFileReference; fileEncoding = 4; lastKnownFileType = sourcecode.c.objc; path = ViewController2.m; sourceTree = "<group>"; };
		63EE3F9B19E701D50095026D /* AssetsLibrary.framework */ = {isa = PBXFileReference; lastKnownFileType = wrapper.framework; name = AssetsLibrary.framework; path = System/Library/Frameworks/AssetsLibrary.framework; sourceTree = SDKROOT; };
		63EE3FA019E708CB0095026D /* ImageIO.framework */ = {isa = PBXFileReference; lastKnownFileType = wrapper.framework; name = ImageIO.framework; path = System/Library/Frameworks/ImageIO.framework; sourceTree = SDKROOT; };
		63EE3FA219E70C460095026D /* CustomPhotoAlbum.h */ = {isa = PBXFileReference; fileEncoding = 4; lastKnownFileType = sourcecode.c.h; path = CustomPhotoAlbum.h; sourceTree = "<group>"; };
		63EE3FA319E70C460095026D /* CustomPhotoAlbum.m */ = {isa = PBXFileReference; fileEncoding = 4; lastKnownFileType = sourcecode.c.objc; path = CustomPhotoAlbum.m; sourceTree = "<group>"; };
/* End PBXFileReference section */

/* Begin PBXFrameworksBuildPhase section */
		63EE3F6A19E5F95D0095026D /* Frameworks */ = {
			isa = PBXFrameworksBuildPhase;
			buildActionMask = 2147483647;
			files = (
				63EE3FA119E708CB0095026D /* ImageIO.framework in Frameworks */,
				63EE3F9C19E701D50095026D /* AssetsLibrary.framework in Frameworks */,
			);
			runOnlyForDeploymentPostprocessing = 0;
		};
		63EE3F8319E5F95E0095026D /* Frameworks */ = {
			isa = PBXFrameworksBuildPhase;
			buildActionMask = 2147483647;
			files = (
			);
			runOnlyForDeploymentPostprocessing = 0;
		};
/* End PBXFrameworksBuildPhase section */

/* Begin PBXGroup section */
		63EE3F6419E5F95D0095026D = {
			isa = PBXGroup;
			children = (
				63EE3FA219E70C460095026D /* CustomPhotoAlbum.h */,
				63EE3FA319E70C460095026D /* CustomPhotoAlbum.m */,
				63EE3FA019E708CB0095026D /* ImageIO.framework */,
				63EE3F9B19E701D50095026D /* AssetsLibrary.framework */,
				63EE3F6F19E5F95D0095026D /* Mayo-ipad */,
				63EE3F8919E5F95E0095026D /* Mayo-ipadTests */,
				63EE3F6E19E5F95D0095026D /* Products */,
			);
			sourceTree = "<group>";
		};
		63EE3F6E19E5F95D0095026D /* Products */ = {
			isa = PBXGroup;
			children = (
				63EE3F6D19E5F95D0095026D /* Mayo-ipad.app */,
				63EE3F8619E5F95E0095026D /* Mayo-ipadTests.xctest */,
			);
			name = Products;
			sourceTree = "<group>";
		};
		63EE3F6F19E5F95D0095026D /* Mayo-ipad */ = {
			isa = PBXGroup;
			children = (
				63EE3F9619E601D30095026D /* mayo-clinic-logo.png */,
				63EE3F7419E5F95D0095026D /* AppDelegate.h */,
				63EE3F7519E5F95D0095026D /* AppDelegate.m */,
				63EE3F7719E5F95D0095026D /* ViewController.h */,
				63EE3F7819E5F95D0095026D /* ViewController.m */,
				63EE3F7A19E5F95D0095026D /* Main.storyboard */,
				63EE3F7D19E5F95D0095026D /* Images.xcassets */,
				63EE3F7F19E5F95D0095026D /* LaunchScreen.xib */,
				63EE3F7019E5F95D0095026D /* Supporting Files */,
				63EE3F9819E605820095026D /* ViewController2.h */,
				63EE3F9919E605820095026D /* ViewController2.m */,
			);
			path = "Mayo-ipad";
			sourceTree = "<group>";
		};
		63EE3F7019E5F95D0095026D /* Supporting Files */ = {
			isa = PBXGroup;
			children = (
				63EE3F7119E5F95D0095026D /* Info.plist */,
				63EE3F7219E5F95D0095026D /* main.m */,
			);
			name = "Supporting Files";
			sourceTree = "<group>";
		};
		63EE3F8919E5F95E0095026D /* Mayo-ipadTests */ = {
			isa = PBXGroup;
			children = (
				63EE3F8C19E5F95E0095026D /* Mayo_ipadTests.m */,
				63EE3F8A19E5F95E0095026D /* Supporting Files */,
			);
			path = "Mayo-ipadTests";
			sourceTree = "<group>";
		};
		63EE3F8A19E5F95E0095026D /* Supporting Files */ = {
			isa = PBXGroup;
			children = (
				63EE3F8B19E5F95E0095026D /* Info.plist */,
			);
			name = "Supporting Files";
			sourceTree = "<group>";
		};
/* End PBXGroup section */

/* Begin PBXNativeTarget section */
		63EE3F6C19E5F95D0095026D /* Mayo-ipad */ = {
			isa = PBXNativeTarget;
			buildConfigurationList = 63EE3F9019E5F95E0095026D /* Build configuration list for PBXNativeTarget "Mayo-ipad" */;
			buildPhases = (
				63EE3F6919E5F95D0095026D /* Sources */,
				63EE3F6A19E5F95D0095026D /* Frameworks */,
				63EE3F6B19E5F95D0095026D /* Resources */,
			);
			buildRules = (
			);
			dependencies = (
			);
			name = "Mayo-ipad";
			productName = "Mayo-ipad";
			productReference = 63EE3F6D19E5F95D0095026D /* Mayo-ipad.app */;
			productType = "com.apple.product-type.application";
		};
		63EE3F8519E5F95E0095026D /* Mayo-ipadTests */ = {
			isa = PBXNativeTarget;
			buildConfigurationList = 63EE3F9319E5F95E0095026D /* Build configuration list for PBXNativeTarget "Mayo-ipadTests" */;
			buildPhases = (
				63EE3F8219E5F95E0095026D /* Sources */,
				63EE3F8319E5F95E0095026D /* Frameworks */,
				63EE3F8419E5F95E0095026D /* Resources */,
			);
			buildRules = (
			);
			dependencies = (
				63EE3F8819E5F95E0095026D /* PBXTargetDependency */,
			);
			name = "Mayo-ipadTests";
			productName = "Mayo-ipadTests";
			productReference = 63EE3F8619E5F95E0095026D /* Mayo-ipadTests.xctest */;
			productType = "com.apple.product-type.bundle.unit-test";
		};
/* End PBXNativeTarget section */

/* Begin PBXProject section */
		63EE3F6519E5F95D0095026D /* Project object */ = {
			isa = PBXProject;
			attributes = {
				LastUpgradeCheck = 0600;
				ORGANIZATIONNAME = "rishabh srivastava";
				TargetAttributes = {
					63EE3F6C19E5F95D0095026D = {
						CreatedOnToolsVersion = 6.0.1;
					};
					63EE3F8519E5F95E0095026D = {
						CreatedOnToolsVersion = 6.0.1;
						TestTargetID = 63EE3F6C19E5F95D0095026D;
					};
				};
			};
			buildConfigurationList = 63EE3F6819E5F95D0095026D /* Build configuration list for PBXProject "Mayo-ipad" */;
			compatibilityVersion = "Xcode 3.2";
			developmentRegion = English;
			hasScannedForEncodings = 0;
			knownRegions = (
				en,
				Base,
			);
			mainGroup = 63EE3F6419E5F95D0095026D;
			productRefGroup = 63EE3F6E19E5F95D0095026D /* Products */;
			projectDirPath = "";
			projectRoot = "";
			targets = (
				63EE3F6C19E5F95D0095026D /* Mayo-ipad */,
				63EE3F8519E5F95E0095026D /* Mayo-ipadTests */,
			);
		};
/* End PBXProject section */

/* Begin PBXResourcesBuildPhase section */
		63EE3F6B19E5F95D0095026D /* Resources */ = {
			isa = PBXResourcesBuildPhase;
			buildActionMask = 2147483647;
			files = (
				63EE3F7C19E5F95D0095026D /* Main.storyboard in Resources */,
				63EE3F8119E5F95D0095026D /* LaunchScreen.xib in Resources */,
				63EE3F9719E601D30095026D /* mayo-clinic-logo.png in Resources */,
				63EE3F7E19E5F95D0095026D /* Images.xcassets in Resources */,
			);
			runOnlyForDeploymentPostprocessing = 0;
		};
		63EE3F8419E5F95E0095026D /* Resources */ = {
			isa = PBXResourcesBuildPhase;
			buildActionMask = 2147483647;
			files = (
			);
			runOnlyForDeploymentPostprocessing = 0;
		};
/* End PBXResourcesBuildPhase section */

/* Begin PBXSourcesBuildPhase section */
		63EE3F6919E5F95D0095026D /* Sources */ = {
			isa = PBXSourcesBuildPhase;
			buildActionMask = 2147483647;
			files = (
				63EE3F7919E5F95D0095026D /* ViewController.m in Sources */,
				63EE3F9A19E605820095026D /* ViewController2.m in Sources */,
				63EE3F7619E5F95D0095026D /* AppDelegate.m in Sources */,
				63EE3F7319E5F95D0095026D /* main.m in Sources */,
				63EE3FA419E70C460095026D /* CustomPhotoAlbum.m in Sources */,
			);
			runOnlyForDeploymentPostprocessing = 0;
		};
		63EE3F8219E5F95E0095026D /* Sources */ = {
			isa = PBXSourcesBuildPhase;
			buildActionMask = 2147483647;
			files = (
				63EE3F8D19E5F95E0095026D /* Mayo_ipadTests.m in Sources */,
			);
			runOnlyForDeploymentPostprocessing = 0;
		};
/* End PBXSourcesBuildPhase section */

/* Begin PBXTargetDependency section */
		63EE3F8819E5F95E0095026D /* PBXTargetDependency */ = {
			isa = PBXTargetDependency;
			target = 63EE3F6C19E5F95D0095026D /* Mayo-ipad */;
			targetProxy = 63EE3F8719E5F95E0095026D /* PBXContainerItemProxy */;
		};
/* End PBXTargetDependency section */

/* Begin PBXVariantGroup section */
		63EE3F7A19E5F95D0095026D /* Main.storyboard */ = {
			isa = PBXVariantGroup;
			children = (
				63EE3F7B19E5F95D0095026D /* Base */,
			);
			name = Main.storyboard;
			sourceTree = "<group>";
		};
		63EE3F7F19E5F95D0095026D /* LaunchScreen.xib */ = {
			isa = PBXVariantGroup;
			children = (
				63EE3F8019E5F95D0095026D /* Base */,
			);
			name = LaunchScreen.xib;
			sourceTree = "<group>";
		};
/* End PBXVariantGroup section */

/* Begin XCBuildConfiguration section */
		63EE3F8E19E5F95E0095026D /* Debug */ = {
			isa = XCBuildConfiguration;
			buildSettings = {
				ALWAYS_SEARCH_USER_PATHS = NO;
				CLANG_CXX_LANGUAGE_STANDARD = "gnu++0x";
				CLANG_CXX_LIBRARY = "libc++";
				CLANG_ENABLE_MODULES = YES;
				CLANG_ENABLE_OBJC_ARC = YES;
				CLANG_WARN_BOOL_CONVERSION = YES;
				CLANG_WARN_CONSTANT_CONVERSION = YES;
				CLANG_WARN_DIRECT_OBJC_ISA_USAGE = YES_ERROR;
				CLANG_WARN_EMPTY_BODY = YES;
				CLANG_WARN_ENUM_CONVERSION = YES;
				CLANG_WARN_INT_CONVERSION = YES;
				CLANG_WARN_OBJC_ROOT_CLASS = YES_ERROR;
				CLANG_WARN_UNREACHABLE_CODE = YES;
				CLANG_WARN__DUPLICATE_METHOD_MATCH = YES;
				"CODE_SIGN_IDENTITY[sdk=iphoneos*]" = "iPhone Developer";
				COPY_PHASE_STRIP = NO;
				ENABLE_STRICT_OBJC_MSGSEND = YES;
				GCC_C_LANGUAGE_STANDARD = gnu99;
				GCC_DYNAMIC_NO_PIC = NO;
				GCC_OPTIMIZATION_LEVEL = 0;
				GCC_PREPROCESSOR_DEFINITIONS = (
					"DEBUG=1",
					"$(inherited)",
				);
				GCC_SYMBOLS_PRIVATE_EXTERN = NO;
				GCC_WARN_64_TO_32_BIT_CONVERSION = YES;
				GCC_WARN_ABOUT_RETURN_TYPE = YES_ERROR;
				GCC_WARN_UNDECLARED_SELECTOR = YES;
				GCC_WARN_UNINITIALIZED_AUTOS = YES_AGGRESSIVE;
				GCC_WARN_UNUSED_FUNCTION = YES;
				GCC_WARN_UNUSED_VARIABLE = YES;
				IPHONEOS_DEPLOYMENT_TARGET = 8.0;
				MTL_ENABLE_DEBUG_INFO = YES;
				ONLY_ACTIVE_ARCH = YES;
				SDKROOT = iphoneos;
				TARGETED_DEVICE_FAMILY = 2;
			};
			name = Debug;
		};
		63EE3F8F19E5F95E0095026D /* Release */ = {
			isa = XCBuildConfiguration;
			buildSettings = {
				ALWAYS_SEARCH_USER_PATHS = NO;
				CLANG_CXX_LANGUAGE_STANDARD = "gnu++0x";
				CLANG_CXX_LIBRARY = "libc++";
				CLANG_ENABLE_MODULES = YES;
				CLANG_ENABLE_OBJC_ARC = YES;
				CLANG_WARN_BOOL_CONVERSION = YES;
				CLANG_WARN_CONSTANT_CONVERSION = YES;
				CLANG_WARN_DIRECT_OBJC_ISA_USAGE = YES_ERROR;
				CLANG_WARN_EMPTY_BODY = YES;
				CLANG_WARN_ENUM_CONVERSION = YES;
				CLANG_WARN_INT_CONVERSION = YES;
				CLANG_WARN_OBJC_ROOT_CLASS = YES_ERROR;
				CLANG_WARN_UNREACHABLE_CODE = YES;
				CLANG_WARN__DUPLICATE_METHOD_MATCH = YES;
				"CODE_SIGN_IDENTITY[sdk=iphoneos*]" = "iPhone Developer";
				COPY_PHASE_STRIP = YES;
				ENABLE_NS_ASSERTIONS = NO;
				ENABLE_STRICT_OBJC_MSGSEND = YES;
				GCC_C_LANGUAGE_STANDARD = gnu99;
				GCC_WARN_64_TO_32_BIT_CONVERSION = YES;
				GCC_WARN_ABOUT_RETURN_TYPE = YES_ERROR;
				GCC_WARN_UNDECLARED_SELECTOR = YES;
				GCC_WARN_UNINITIALIZED_AUTOS = YES_AGGRESSIVE;
				GCC_WARN_UNUSED_FUNCTION = YES;
				GCC_WARN_UNUSED_VARIABLE = YES;
				IPHONEOS_DEPLOYMENT_TARGET = 8.0;
				MTL_ENABLE_DEBUG_INFO = NO;
				SDKROOT = iphoneos;
				TARGETED_DEVICE_FAMILY = 2;
				VALIDATE_PRODUCT = YES;
			};
			name = Release;
		};
		63EE3F9119E5F95E0095026D /* Debug */ = {
			isa = XCBuildConfiguration;
			buildSettings = {
				ASSETCATALOG_COMPILER_APPICON_NAME = AppIcon;
				INFOPLIST_FILE = "Mayo-ipad/Info.plist";
				LD_RUNPATH_SEARCH_PATHS = "$(inherited) @executable_path/Frameworks";
				PRODUCT_NAME = "$(TARGET_NAME)";
			};
			name = Debug;
		};
		63EE3F9219E5F95E0095026D /* Release */ = {
			isa = XCBuildConfiguration;
			buildSettings = {
				ASSETCATALOG_COMPILER_APPICON_NAME = AppIcon;
				INFOPLIST_FILE = "Mayo-ipad/Info.plist";
				LD_RUNPATH_SEARCH_PATHS = "$(inherited) @executable_path/Frameworks";
				PRODUCT_NAME = "$(TARGET_NAME)";
			};
			name = Release;
		};
		63EE3F9419E5F95E0095026D /* Debug */ = {
			isa = XCBuildConfiguration;
			buildSettings = {
				BUNDLE_LOADER = "$(TEST_HOST)";
				FRAMEWORK_SEARCH_PATHS = (
					"$(SDKROOT)/Developer/Library/Frameworks",
					"$(inherited)",
				);
				GCC_PREPROCESSOR_DEFINITIONS = (
					"DEBUG=1",
					"$(inherited)",
				);
				INFOPLIST_FILE = "Mayo-ipadTests/Info.plist";
				LD_RUNPATH_SEARCH_PATHS = "$(inherited) @executable_path/Frameworks @loader_path/Frameworks";
				PRODUCT_NAME = "$(TARGET_NAME)";
				TEST_HOST = "$(BUILT_PRODUCTS_DIR)/Mayo-ipad.app/Mayo-ipad";
			};
			name = Debug;
		};
		63EE3F9519E5F95E0095026D /* Release */ = {
			isa = XCBuildConfiguration;
			buildSettings = {
				BUNDLE_LOADER = "$(TEST_HOST)";
				FRAMEWORK_SEARCH_PATHS = (
					"$(SDKROOT)/Developer/Library/Frameworks",
					"$(inherited)",
				);
				INFOPLIST_FILE = "Mayo-ipadTests/Info.plist";
				LD_RUNPATH_SEARCH_PATHS = "$(inherited) @executable_path/Frameworks @loader_path/Frameworks";
				PRODUCT_NAME = "$(TARGET_NAME)";
				TEST_HOST = "$(BUILT_PRODUCTS_DIR)/Mayo-ipad.app/Mayo-ipad";
			};
			name = Release;
		};
/* End XCBuildConfiguration section */

/* Begin XCConfigurationList section */
		63EE3F6819E5F95D0095026D /* Build configuration list for PBXProject "Mayo-ipad" */ = {
			isa = XCConfigurationList;
			buildConfigurations = (
				63EE3F8E19E5F95E0095026D /* Debug */,
				63EE3F8F19E5F95E0095026D /* Release */,
			);
			defaultConfigurationIsVisible = 0;
			defaultConfigurationName = Release;
		};
		63EE3F9019E5F95E0095026D /* Build configuration list for PBXNativeTarget "Mayo-ipad" */ = {
			isa = XCConfigurationList;
			buildConfigurations = (
				63EE3F9119E5F95E0095026D /* Debug */,
				63EE3F9219E5F95E0095026D /* Release */,
			);
			defaultConfigurationIsVisible = 0;
			defaultConfigurationName = Release;
		};
		63EE3F9319E5F95E0095026D /* Build configuration list for PBXNativeTarget "Mayo-ipadTests" */ = {
			isa = XCConfigurationList;
			buildConfigurations = (
				63EE3F9419E5F95E0095026D /* Debug */,
				63EE3F9519E5F95E0095026D /* Release */,
			);
			defaultConfigurationIsVisible = 0;
			defaultConfigurationName = Release;
		};
/* End XCConfigurationList section */
	};
	rootObject = 63EE3F6519E5F95D0095026D /* Project object */;
}
